
Microsoft Visual Studio Solution File, Format Version 12.00
# Visual Studio Version 16
VisualStudioVersion = 16.0.29709.97
MinimumVisualStudioVersion = 10.0.40219.1
Project("{8BC9CEB8-8B4A-11D0-8D11-00A0C91BC942}") = "SingletonPattern", "SingletonPattern\SingletonPattern.vcxproj", "{1684FD98-59C6-4748-A42F-B9CF47E78772}"
EndProject
Global
	GlobalSection(SolutionConfigurationPlatforms) = preSolution
		Debug|x64 = Debug|x64
		Debug|x86 = Debug|x86
		Release|x64 = Release|x64
		Release|x86 = Release|x86
	EndGlobalSection
	GlobalSection(ProjectConfigurationPlatforms) = postSolution
		{1684FD98-59C6-4748-A42F-B9CF47E78772}.Debug|x64.ActiveCfg = Debug|x64
		{1684FD98-59C6-4748-A42F-B9CF47E78772}.Debug|x64.Build.0 = Debug|x64
		{1684FD98-59C6-4748-A42F-B9CF47E78772}.Debug|x86.ActiveCfg = Debug|Win32
		{1684FD98-59C6-4748-A42F-B9CF47E78772}.Debug|x86.Build.0 = Debug|Win32
		{1684FD98-59C6-4748-A42F-B9CF47E78772}.Release|x64.ActiveCfg = Release|x64
		{1684FD98-59C6-4748-A42F-B9CF47E78772}.Release|x64.Build.0 = Release|x64
		{1684FD98-59C6-4748-A42F-B9CF47E78772}.Release|x86.ActiveCfg = Release|Win32
		{1684FD98-59C6-4748-A42F-B9CF47E78772}.Release|x86.Build.0 = Release|Win32
	EndGlobalSection
	GlobalSection(SolutionProperties) = preSolution
		HideSolutionNode = FALSE
	EndGlobalSection
	GlobalSection(ExtensibilityGlobals) = postSolution
		SolutionGuid = {F7F8412A-A8AD-4C99-BBA4-1BBA97A69AC6}
	EndGlobalSection
EndGlobal
